
Microsoft Visual Studio Solution File, Format Version 12.00
# Visual Studio Version 17
VisualStudioVersion = 17.3.32922.545
MinimumVisualStudioVersion = 10.0.40219.1
Project("{FAE04EC0-301F-11D3-BF4B-00C04F79EFBC}") = "Neural_Network", "Neural_Network.csproj", "{78FB6956-90B7-469B-869F-7664739D9053}"
EndProject
Global
	GlobalSection(SolutionConfigurationPlatforms) = preSolution
		Debug|Any CPU = Debug|Any CPU
		Release|Any CPU = Release|Any CPU
	EndGlobalSection
	GlobalSection(ProjectConfigurationPlatforms) = postSolution
		{78FB6956-90B7-469B-869F-7664739D9053}.Debug|Any CPU.ActiveCfg = Debug|Any CPU
		{78FB6956-90B7-469B-869F-7664739D9053}.Debug|Any CPU.Build.0 = Debug|Any CPU
		{78FB6956-90B7-469B-869F-7664739D9053}.Release|Any CPU.ActiveCfg = Release|Any CPU
		{78FB6956-90B7-469B-869F-7664739D9053}.Release|Any CPU.Build.0 = Release|Any CPU
	EndGlobalSection
	GlobalSection(SolutionProperties) = preSolution
		HideSolutionNode = FALSE
	EndGlobalSection
	GlobalSection(ExtensibilityGlobals) = postSolution
		SolutionGuid = {33C42AC0-5E30-4B04-8F9D-83AD4209A9C1}
	EndGlobalSection
EndGlobal
